
Microsoft Visual Studio Solution File, Format Version 12.00
# Visual Studio Version 17
VisualStudioVersion = 17.10.34928.147
MinimumVisualStudioVersion = 10.0.40219.1
Project("{FAE04EC0-301F-11D3-BF4B-00C04F79EFBC}") = "SVU_ITE_Bwp401_F23_c3", "SVU_ITE_Bwp401_F23_c3\SVU_ITE_Bwp401_F23_c3.csproj", "{5672CC32-C084-44B8-9010-34D18E5934B9}"
EndProject
Global
	GlobalSection(SolutionConfigurationPlatforms) = preSolution
		Debug|Any CPU = Debug|Any CPU
		Release|Any CPU = Release|Any CPU
	EndGlobalSection
	GlobalSection(ProjectConfigurationPlatforms) = postSolution
		{5672CC32-C084-44B8-9010-34D18E5934B9}.Debug|Any CPU.ActiveCfg = Debug|Any CPU
		{5672CC32-C084-44B8-9010-34D18E5934B9}.Debug|Any CPU.Build.0 = Debug|Any CPU
		{5672CC32-C084-44B8-9010-34D18E5934B9}.Release|Any CPU.ActiveCfg = Release|Any CPU
		{5672CC32-C084-44B8-9010-34D18E5934B9}.Release|Any CPU.Build.0 = Release|Any CPU
	EndGlobalSection
	GlobalSection(SolutionProperties) = preSolution
		HideSolutionNode = FALSE
	EndGlobalSection
	GlobalSection(ExtensibilityGlobals) = postSolution
		SolutionGuid = {C7FA9F62-1EFE-4E88-AA8E-708B97BF8790}
	EndGlobalSection
EndGlobal
